// !$*UTF8*$!
{
	archiveVersion = 1;
	classes = {
	};
	objectVersion = 46;
	objects = {

/* Begin PBXBuildFile section */
		B7732F831AAE367E0051935E /* libopencv_calib3d.2.4.9.dylib in Frameworks */ = {isa = PBXBuildFile; fileRef = B7732F701AAE367E0051935E /* libopencv_calib3d.2.4.9.dylib */; };
		B7732F841AAE367E0051935E /* libopencv_contrib.2.4.9.dylib in Frameworks */ = {isa = PBXBuildFile; fileRef = B7732F711AAE367E0051935E /* libopencv_contrib.2.4.9.dylib */; };
		B7732F851AAE367E0051935E /* libopencv_core.2.4.9.dylib in Frameworks */ = {isa = PBXBuildFile; fileRef = B7732F721AAE367E0051935E /* libopencv_core.2.4.9.dylib */; };
		B7732F861AAE367E0051935E /* libopencv_features2d.2.4.9.dylib in Frameworks */ = {isa = PBXBuildFile; fileRef = B7732F731AAE367E0051935E /* libopencv_features2d.2.4.9.dylib */; };
		B7732F871AAE367E0051935E /* libopencv_flann.2.4.9.dylib in Frameworks */ = {isa = PBXBuildFile; fileRef = B7732F741AAE367E0051935E /* libopencv_flann.2.4.9.dylib */; };
		B7732F881AAE367E0051935E /* libopencv_gpu.2.4.9.dylib in Frameworks */ = {isa = PBXBuildFile; fileRef = B7732F751AAE367E0051935E /* libopencv_gpu.2.4.9.dylib */; };
		B7732F891AAE367E0051935E /* libopencv_highgui.2.4.9.dylib in Frameworks */ = {isa = PBXBuildFile; fileRef = B7732F761AAE367E0051935E /* libopencv_highgui.2.4.9.dylib */; };
		B7732F8A1AAE367E0051935E /* libopencv_imgproc.2.4.9.dylib in Frameworks */ = {isa = PBXBuildFile; fileRef = B7732F771AAE367E0051935E /* libopencv_imgproc.2.4.9.dylib */; };
		B7732F8B1AAE367E0051935E /* libopencv_legacy.2.4.9.dylib in Frameworks */ = {isa = PBXBuildFile; fileRef = B7732F781AAE367E0051935E /* libopencv_legacy.2.4.9.dylib */; };
		B7732F8C1AAE367E0051935E /* libopencv_ml.2.4.9.dylib in Frameworks */ = {isa = PBXBuildFile; fileRef = B7732F791AAE367E0051935E /* libopencv_ml.2.4.9.dylib */; };
		B7732F8D1AAE367E0051935E /* libopencv_nonfree.2.4.9.dylib in Frameworks */ = {isa = PBXBuildFile; fileRef = B7732F7A1AAE367E0051935E /* libopencv_nonfree.2.4.9.dylib */; };
		B7732F8E1AAE367E0051935E /* libopencv_objdetect.2.4.9.dylib in Frameworks */ = {isa = PBXBuildFile; fileRef = B7732F7B1AAE367E0051935E /* libopencv_objdetect.2.4.9.dylib */; };
		B7732F8F1AAE367E0051935E /* libopencv_ocl.2.4.9.dylib in Frameworks */ = {isa = PBXBuildFile; fileRef = B7732F7C1AAE367E0051935E /* libopencv_ocl.2.4.9.dylib */; };
		B7732F901AAE367E0051935E /* libopencv_photo.2.4.9.dylib in Frameworks */ = {isa = PBXBuildFile; fileRef = B7732F7D1AAE367E0051935E /* libopencv_photo.2.4.9.dylib */; };
		B7732F911AAE367E0051935E /* libopencv_stitching.2.4.9.dylib in Frameworks */ = {isa = PBXBuildFile; fileRef = B7732F7E1AAE367E0051935E /* libopencv_stitching.2.4.9.dylib */; };
		B7732F921AAE367E0051935E /* libopencv_superres.2.4.9.dylib in Frameworks */ = {isa = PBXBuildFile; fileRef = B7732F7F1AAE367E0051935E /* libopencv_superres.2.4.9.dylib */; };
		B7732F931AAE367E0051935E /* libopencv_ts.a in Frameworks */ = {isa = PBXBuildFile; fileRef = B7732F801AAE367E0051935E /* libopencv_ts.a */; };
		B7732F941AAE367F0051935E /* libopencv_video.2.4.9.dylib in Frameworks */ = {isa = PBXBuildFile; fileRef = B7732F811AAE367E0051935E /* libopencv_video.2.4.9.dylib */; };
		B7732F951AAE367F0051935E /* libopencv_videostab.2.4.9.dylib in Frameworks */ = {isa = PBXBuildFile; fileRef = B7732F821AAE367E0051935E /* libopencv_videostab.2.4.9.dylib */; };
		B796D0281A9B835800E00B47 /* main.cpp in Sources */ = {isa = PBXBuildFile; fileRef = B796D0271A9B835800E00B47 /* main.cpp */; };
/* End PBXBuildFile section */

/* Begin PBXCopyFilesBuildPhase section */
		B796D0221A9B835800E00B47 /* CopyFiles */ = {
			isa = PBXCopyFilesBuildPhase;
			buildActionMask = 2147483647;
			dstPath = /usr/share/man/man1/;
			dstSubfolderSpec = 0;
			files = (
			);
			runOnlyForDeploymentPostprocessing = 1;
		};
/* End PBXCopyFilesBuildPhase section */

/* Begin PBXFileReference section */
		B7732F701AAE367E0051935E /* libopencv_calib3d.2.4.9.dylib */ = {isa = PBXFileReference; lastKnownFileType = "compiled.mach-o.dylib"; path = libopencv_calib3d.2.4.9.dylib; sourceTree = "<group>"; };
		B7732F711AAE367E0051935E /* libopencv_contrib.2.4.9.dylib */ = {isa = PBXFileReference; lastKnownFileType = "compiled.mach-o.dylib"; path = libopencv_contrib.2.4.9.dylib; sourceTree = "<group>"; };
		B7732F721AAE367E0051935E /* libopencv_core.2.4.9.dylib */ = {isa = PBXFileReference; lastKnownFileType = "compiled.mach-o.dylib"; path = libopencv_core.2.4.9.dylib; sourceTree = "<group>"; };
		B7732F731AAE367E0051935E /* libopencv_features2d.2.4.9.dylib */ = {isa = PBXFileReference; lastKnownFileType = "compiled.mach-o.dylib"; path = libopencv_features2d.2.4.9.dylib; sourceTree = "<group>"; };
		B7732F741AAE367E0051935E /* libopencv_flann.2.4.9.dylib */ = {isa = PBXFileReference; lastKnownFileType = "compiled.mach-o.dylib"; path = libopencv_flann.2.4.9.dylib; sourceTree = "<group>"; };
		B7732F751AAE367E0051935E /* libopencv_gpu.2.4.9.dylib */ = {isa = PBXFileReference; lastKnownFileType = "compiled.mach-o.dylib"; path = libopencv_gpu.2.4.9.dylib; sourceTree = "<group>"; };
		B7732F761AAE367E0051935E /* libopencv_highgui.2.4.9.dylib */ = {isa = PBXFileReference; lastKnownFileType = "compiled.mach-o.dylib"; path = libopencv_highgui.2.4.9.dylib; sourceTree = "<group>"; };
		B7732F771AAE367E0051935E /* libopencv_imgproc.2.4.9.dylib */ = {isa = PBXFileReference; lastKnownFileType = "compiled.mach-o.dylib"; path = libopencv_imgproc.2.4.9.dylib; sourceTree = "<group>"; };
		B7732F781AAE367E0051935E /* libopencv_legacy.2.4.9.dylib */ = {isa = PBXFileReference; lastKnownFileType = "compiled.mach-o.dylib"; path = libopencv_legacy.2.4.9.dylib; sourceTree = "<group>"; };
		B7732F791AAE367E0051935E /* libopencv_ml.2.4.9.dylib */ = {isa = PBXFileReference; lastKnownFileType = "compiled.mach-o.dylib"; path = libopencv_ml.2.4.9.dylib; sourceTree = "<group>"; };
		B7732F7A1AAE367E0051935E /* libopencv_nonfree.2.4.9.dylib */ = {isa = PBXFileReference; lastKnownFileType = "compiled.mach-o.dylib"; path = libopencv_nonfree.2.4.9.dylib; sourceTree = "<group>"; };
		B7732F7B1AAE367E0051935E /* libopencv_objdetect.2.4.9.dylib */ = {isa = PBXFileReference; lastKnownFileType = "compiled.mach-o.dylib"; path = libopencv_objdetect.2.4.9.dylib; sourceTree = "<group>"; };
		B7732F7C1AAE367E0051935E /* libopencv_ocl.2.4.9.dylib */ = {isa = PBXFileReference; lastKnownFileType = "compiled.mach-o.dylib"; path = libopencv_ocl.2.4.9.dylib; sourceTree = "<group>"; };
		B7732F7D1AAE367E0051935E /* libopencv_photo.2.4.9.dylib */ = {isa = PBXFileReference; lastKnownFileType = "compiled.mach-o.dylib"; path = libopencv_photo.2.4.9.dylib; sourceTree = "<group>"; };
		B7732F7E1AAE367E0051935E /* libopencv_stitching.2.4.9.dylib */ = {isa = PBXFileReference; lastKnownFileType = "compiled.mach-o.dylib"; path = libopencv_stitching.2.4.9.dylib; sourceTree = "<group>"; };
		B7732F7F1AAE367E0051935E /* libopencv_superres.2.4.9.dylib */ = {isa = PBXFileReference; lastKnownFileType = "compiled.mach-o.dylib"; path = libopencv_superres.2.4.9.dylib; sourceTree = "<group>"; };
		B7732F801AAE367E0051935E /* libopencv_ts.a */ = {isa = PBXFileReference; lastKnownFileType = archive.ar; path = libopencv_ts.a; sourceTree = "<group>"; };
		B7732F811AAE367E0051935E /* libopencv_video.2.4.9.dylib */ = {isa = PBXFileReference; lastKnownFileType = "compiled.mach-o.dylib"; path = libopencv_video.2.4.9.dylib; sourceTree = "<group>"; };
		B7732F821AAE367E0051935E /* libopencv_videostab.2.4.9.dylib */ = {isa = PBXFileReference; lastKnownFileType = "compiled.mach-o.dylib"; path = libopencv_videostab.2.4.9.dylib; sourceTree = "<group>"; };
		B785A4371AC0A99F00181BBA /* test.jpg */ = {isa = PBXFileReference; lastKnownFileType = image.jpeg; path = test.jpg; sourceTree = "<group>"; };
		B785A4381AC0CD4000181BBA /* test.tiff */ = {isa = PBXFileReference; lastKnownFileType = image.tiff; path = test.tiff; sourceTree = "<group>"; };
		B796D0241A9B835800E00B47 /* HandDetectionOpenCV */ = {isa = PBXFileReference; explicitFileType = "compiled.mach-o.executable"; includeInIndex = 0; path = HandDetectionOpenCV; sourceTree = BUILT_PRODUCTS_DIR; };
		B796D0271A9B835800E00B47 /* main.cpp */ = {isa = PBXFileReference; lastKnownFileType = sourcecode.cpp.cpp; path = main.cpp; sourceTree = "<group>"; };
/* End PBXFileReference section */

/* Begin PBXFrameworksBuildPhase section */
		B796D0211A9B835800E00B47 /* Frameworks */ = {
			isa = PBXFrameworksBuildPhase;
			buildActionMask = 2147483647;
			files = (
				B7732F8D1AAE367E0051935E /* libopencv_nonfree.2.4.9.dylib in Frameworks */,
				B7732F851AAE367E0051935E /* libopencv_core.2.4.9.dylib in Frameworks */,
				B7732F891AAE367E0051935E /* libopencv_highgui.2.4.9.dylib in Frameworks */,
				B7732F921AAE367E0051935E /* libopencv_superres.2.4.9.dylib in Frameworks */,
				B7732F8E1AAE367E0051935E /* libopencv_objdetect.2.4.9.dylib in Frameworks */,
				B7732F8B1AAE367E0051935E /* libopencv_legacy.2.4.9.dylib in Frameworks */,
				B7732F8A1AAE367E0051935E /* libopencv_imgproc.2.4.9.dylib in Frameworks */,
				B7732F8F1AAE367E0051935E /* libopencv_ocl.2.4.9.dylib in Frameworks */,
				B7732F881AAE367E0051935E /* libopencv_gpu.2.4.9.dylib in Frameworks */,
				B7732F841AAE367E0051935E /* libopencv_contrib.2.4.9.dylib in Frameworks */,
				B7732F911AAE367E0051935E /* libopencv_stitching.2.4.9.dylib in Frameworks */,
				B7732F861AAE367E0051935E /* libopencv_features2d.2.4.9.dylib in Frameworks */,
				B7732F8C1AAE367E0051935E /* libopencv_ml.2.4.9.dylib in Frameworks */,
				B7732F931AAE367E0051935E /* libopencv_ts.a in Frameworks */,
				B7732F941AAE367F0051935E /* libopencv_video.2.4.9.dylib in Frameworks */,
				B7732F831AAE367E0051935E /* libopencv_calib3d.2.4.9.dylib in Frameworks */,
				B7732F871AAE367E0051935E /* libopencv_flann.2.4.9.dylib in Frameworks */,
				B7732F901AAE367E0051935E /* libopencv_photo.2.4.9.dylib in Frameworks */,
				B7732F951AAE367F0051935E /* libopencv_videostab.2.4.9.dylib in Frameworks */,
			);
			runOnlyForDeploymentPostprocessing = 0;
		};
/* End PBXFrameworksBuildPhase section */

/* Begin PBXGroup section */
		B7732F6F1AAE367E0051935E /* OpenCV */ = {
			isa = PBXGroup;
			children = (
				B7732F701AAE367E0051935E /* libopencv_calib3d.2.4.9.dylib */,
				B7732F711AAE367E0051935E /* libopencv_contrib.2.4.9.dylib */,
				B7732F721AAE367E0051935E /* libopencv_core.2.4.9.dylib */,
				B7732F731AAE367E0051935E /* libopencv_features2d.2.4.9.dylib */,
				B7732F741AAE367E0051935E /* libopencv_flann.2.4.9.dylib */,
				B7732F751AAE367E0051935E /* libopencv_gpu.2.4.9.dylib */,
				B7732F761AAE367E0051935E /* libopencv_highgui.2.4.9.dylib */,
				B7732F771AAE367E0051935E /* libopencv_imgproc.2.4.9.dylib */,
				B7732F781AAE367E0051935E /* libopencv_legacy.2.4.9.dylib */,
				B7732F791AAE367E0051935E /* libopencv_ml.2.4.9.dylib */,
				B7732F7A1AAE367E0051935E /* libopencv_nonfree.2.4.9.dylib */,
				B7732F7B1AAE367E0051935E /* libopencv_objdetect.2.4.9.dylib */,
				B7732F7C1AAE367E0051935E /* libopencv_ocl.2.4.9.dylib */,
				B7732F7D1AAE367E0051935E /* libopencv_photo.2.4.9.dylib */,
				B7732F7E1AAE367E0051935E /* libopencv_stitching.2.4.9.dylib */,
				B7732F7F1AAE367E0051935E /* libopencv_superres.2.4.9.dylib */,
				B7732F801AAE367E0051935E /* libopencv_ts.a */,
				B7732F811AAE367E0051935E /* libopencv_video.2.4.9.dylib */,
				B7732F821AAE367E0051935E /* libopencv_videostab.2.4.9.dylib */,
			);
			path = OpenCV;
			sourceTree = "<group>";
		};
		B796D01B1A9B835800E00B47 = {
			isa = PBXGroup;
			children = (
				B7732F6F1AAE367E0051935E /* OpenCV */,
				B796D0261A9B835800E00B47 /* HandDetectionOpenCV */,
				B796D0251A9B835800E00B47 /* Products */,
			);
			sourceTree = "<group>";
		};
		B796D0251A9B835800E00B47 /* Products */ = {
			isa = PBXGroup;
			children = (
				B796D0241A9B835800E00B47 /* HandDetectionOpenCV */,
			);
			name = Products;
			sourceTree = "<group>";
		};
		B796D0261A9B835800E00B47 /* HandDetectionOpenCV */ = {
			isa = PBXGroup;
			children = (
				B785A4371AC0A99F00181BBA /* test.jpg */,
				B785A4381AC0CD4000181BBA /* test.tiff */,
				B796D0271A9B835800E00B47 /* main.cpp */,
			);
			path = HandDetectionOpenCV;
			sourceTree = "<group>";
		};
/* End PBXGroup section */

/* Begin PBXNativeTarget section */
		B796D0231A9B835800E00B47 /* HandDetectionOpenCV */ = {
			isa = PBXNativeTarget;
			buildConfigurationList = B796D02B1A9B835800E00B47 /* Build configuration list for PBXNativeTarget "HandDetectionOpenCV" */;
			buildPhases = (
				B796D0201A9B835800E00B47 /* Sources */,
				B796D0211A9B835800E00B47 /* Frameworks */,
				B796D0221A9B835800E00B47 /* CopyFiles */,
			);
			buildRules = (
			);
			dependencies = (
			);
			name = HandDetectionOpenCV;
			productName = HandDetectionOpenCV;
			productReference = B796D0241A9B835800E00B47 /* HandDetectionOpenCV */;
			productType = "com.apple.product-type.tool";
		};
/* End PBXNativeTarget section */

/* Begin PBXProject section */
		B796D01C1A9B835800E00B47 /* Project object */ = {
			isa = PBXProject;
			attributes = {
				LastUpgradeCheck = 0610;
				ORGANIZATIONNAME = "Vlad Mihaylenko";
				TargetAttributes = {
					B796D0231A9B835800E00B47 = {
						CreatedOnToolsVersion = 6.1.1;
					};
				};
			};
			buildConfigurationList = B796D01F1A9B835800E00B47 /* Build configuration list for PBXProject "HandDetectionOpenCV" */;
			compatibilityVersion = "Xcode 3.2";
			developmentRegion = English;
			hasScannedForEncodings = 0;
			knownRegions = (
				en,
			);
			mainGroup = B796D01B1A9B835800E00B47;
			productRefGroup = B796D0251A9B835800E00B47 /* Products */;
			projectDirPath = "";
			projectRoot = "";
			targets = (
				B796D0231A9B835800E00B47 /* HandDetectionOpenCV */,
			);
		};
/* End PBXProject section */

/* Begin PBXSourcesBuildPhase section */
		B796D0201A9B835800E00B47 /* Sources */ = {
			isa = PBXSourcesBuildPhase;
			buildActionMask = 2147483647;
			files = (
				B796D0281A9B835800E00B47 /* main.cpp in Sources */,
			);
			runOnlyForDeploymentPostprocessing = 0;
		};
/* End PBXSourcesBuildPhase section */

/* Begin XCBuildConfiguration section */
		B796D0291A9B835800E00B47 /* Debug */ = {
			isa = XCBuildConfiguration;
			buildSettings = {
				ALWAYS_SEARCH_USER_PATHS = NO;
				CLANG_CXX_LANGUAGE_STANDARD = "gnu++0x";
				CLANG_CXX_LIBRARY = "libc++";
				CLANG_ENABLE_MODULES = YES;
				CLANG_ENABLE_OBJC_ARC = YES;
				CLANG_WARN_BOOL_CONVERSION = YES;
				CLANG_WARN_CONSTANT_CONVERSION = YES;
				CLANG_WARN_DIRECT_OBJC_ISA_USAGE = YES_ERROR;
				CLANG_WARN_EMPTY_BODY = YES;
				CLANG_WARN_ENUM_CONVERSION = YES;
				CLANG_WARN_INT_CONVERSION = YES;
				CLANG_WARN_OBJC_ROOT_CLASS = YES_ERROR;
				CLANG_WARN_UNREACHABLE_CODE = YES;
				CLANG_WARN__DUPLICATE_METHOD_MATCH = YES;
				COPY_PHASE_STRIP = NO;
				ENABLE_STRICT_OBJC_MSGSEND = YES;
				GCC_C_LANGUAGE_STANDARD = gnu99;
				GCC_DYNAMIC_NO_PIC = NO;
				GCC_OPTIMIZATION_LEVEL = 0;
				GCC_PREPROCESSOR_DEFINITIONS = (
					"DEBUG=1",
					"$(inherited)",
				);
				GCC_SYMBOLS_PRIVATE_EXTERN = NO;
				GCC_WARN_64_TO_32_BIT_CONVERSION = YES;
				GCC_WARN_ABOUT_RETURN_TYPE = YES_ERROR;
				GCC_WARN_UNDECLARED_SELECTOR = YES;
				GCC_WARN_UNINITIALIZED_AUTOS = YES_AGGRESSIVE;
				GCC_WARN_UNUSED_FUNCTION = YES;
				GCC_WARN_UNUSED_VARIABLE = YES;
				MACOSX_DEPLOYMENT_TARGET = 10.10;
				MTL_ENABLE_DEBUG_INFO = YES;
				ONLY_ACTIVE_ARCH = YES;
				SDKROOT = macosx;
			};
			name = Debug;
		};
		B796D02A1A9B835800E00B47 /* Release */ = {
			isa = XCBuildConfiguration;
			buildSettings = {
				ALWAYS_SEARCH_USER_PATHS = NO;
				CLANG_CXX_LANGUAGE_STANDARD = "gnu++0x";
				CLANG_CXX_LIBRARY = "libc++";
				CLANG_ENABLE_MODULES = YES;
				CLANG_ENABLE_OBJC_ARC = YES;
				CLANG_WARN_BOOL_CONVERSION = YES;
				CLANG_WARN_CONSTANT_CONVERSION = YES;
				CLANG_WARN_DIRECT_OBJC_ISA_USAGE = YES_ERROR;
				CLANG_WARN_EMPTY_BODY = YES;
				CLANG_WARN_ENUM_CONVERSION = YES;
				CLANG_WARN_INT_CONVERSION = YES;
				CLANG_WARN_OBJC_ROOT_CLASS = YES_ERROR;
				CLANG_WARN_UNREACHABLE_CODE = YES;
				CLANG_WARN__DUPLICATE_METHOD_MATCH = YES;
				COPY_PHASE_STRIP = YES;
				DEBUG_INFORMATION_FORMAT = "dwarf-with-dsym";
				ENABLE_NS_ASSERTIONS = NO;
				ENABLE_STRICT_OBJC_MSGSEND = YES;
				GCC_C_LANGUAGE_STANDARD = gnu99;
				GCC_WARN_64_TO_32_BIT_CONVERSION = YES;
				GCC_WARN_ABOUT_RETURN_TYPE = YES_ERROR;
				GCC_WARN_UNDECLARED_SELECTOR = YES;
				GCC_WARN_UNINITIALIZED_AUTOS = YES_AGGRESSIVE;
				GCC_WARN_UNUSED_FUNCTION = YES;
				GCC_WARN_UNUSED_VARIABLE = YES;
				MACOSX_DEPLOYMENT_TARGET = 10.10;
				MTL_ENABLE_DEBUG_INFO = NO;
				SDKROOT = macosx;
			};
			name = Release;
		};
		B796D02C1A9B835800E00B47 /* Debug */ = {
			isa = XCBuildConfiguration;
			buildSettings = {
				HEADER_SEARCH_PATHS = (
					"$(inherited)",
					/Applications/Xcode.app/Contents/Developer/Toolchains/XcodeDefault.xctoolchain/usr/include,
					/usr/local/include,
				);
				LIBRARY_SEARCH_PATHS = (
					"$(PROJECT_DIR)",
					"$(PROJECT_DIR)/OpenCV",
				);
				OTHER_LDFLAGS = "";
				PRODUCT_NAME = "$(TARGET_NAME)";
			};
			name = Debug;
		};
		B796D02D1A9B835800E00B47 /* Release */ = {
			isa = XCBuildConfiguration;
			buildSettings = {
				HEADER_SEARCH_PATHS = (
					"$(inherited)",
					/Applications/Xcode.app/Contents/Developer/Toolchains/XcodeDefault.xctoolchain/usr/include,
					/usr/local/include,
				);
				LIBRARY_SEARCH_PATHS = (
					"$(PROJECT_DIR)",
					"$(PROJECT_DIR)/OpenCV",
				);
				OTHER_LDFLAGS = "";
				PRODUCT_NAME = "$(TARGET_NAME)";
			};
			name = Release;
		};
/* End XCBuildConfiguration section */

/* Begin XCConfigurationList section */
		B796D01F1A9B835800E00B47 /* Build configuration list for PBXProject "HandDetectionOpenCV" */ = {
			isa = XCConfigurationList;
			buildConfigurations = (
				B796D0291A9B835800E00B47 /* Debug */,
				B796D02A1A9B835800E00B47 /* Release */,
			);
			defaultConfigurationIsVisible = 0;
			defaultConfigurationName = Release;
		};
		B796D02B1A9B835800E00B47 /* Build configuration list for PBXNativeTarget "HandDetectionOpenCV" */ = {
			isa = XCConfigurationList;
			buildConfigurations = (
				B796D02C1A9B835800E00B47 /* Debug */,
				B796D02D1A9B835800E00B47 /* Release */,
			);
			defaultConfigurationIsVisible = 0;
			defaultConfigurationName = Release;
		};
/* End XCConfigurationList section */
	};
	rootObject = B796D01C1A9B835800E00B47 /* Project object */;
}
